
Microsoft Visual Studio Solution File, Format Version 12.00
# Visual Studio Version 16
VisualStudioVersion = 16.0.31729.503
MinimumVisualStudioVersion = 10.0.40219.1
Project("{FAE04EC0-301F-11D3-BF4B-00C04F79EFBC}") = "GitUpdater", "GitUpdater.csproj", "{78D4411C-FA50-4F9C-B8FF-7E8B3BB280D1}"
EndProject
Global
	GlobalSection(SolutionConfigurationPlatforms) = preSolution
		Debug|Any CPU = Debug|Any CPU
		Release|Any CPU = Release|Any CPU
	EndGlobalSection
	GlobalSection(ProjectConfigurationPlatforms) = postSolution
		{78D4411C-FA50-4F9C-B8FF-7E8B3BB280D1}.Debug|Any CPU.ActiveCfg = Debug|Any CPU
		{78D4411C-FA50-4F9C-B8FF-7E8B3BB280D1}.Debug|Any CPU.Build.0 = Debug|Any CPU
		{78D4411C-FA50-4F9C-B8FF-7E8B3BB280D1}.Release|Any CPU.ActiveCfg = Release|Any CPU
		{78D4411C-FA50-4F9C-B8FF-7E8B3BB280D1}.Release|Any CPU.Build.0 = Release|Any CPU
	EndGlobalSection
	GlobalSection(SolutionProperties) = preSolution
		HideSolutionNode = FALSE
	EndGlobalSection
	GlobalSection(ExtensibilityGlobals) = postSolution
		SolutionGuid = {E010D69D-E27D-425F-90C0-EEE51CDE1175}
	EndGlobalSection
EndGlobal
